
Microsoft Visual Studio Solution File, Format Version 12.00
# Visual Studio Version 17
VisualStudioVersion = 17.13.36105.23 d17.13
MinimumVisualStudioVersion = 10.0.40219.1
Project("{FAE04EC0-301F-11D3-BF4B-00C04F79EFBC}") = "LoginCadastroApp.WinForms", "..\..\source\repos\LoginCadastroApp.WinForms\LoginCadastroApp.WinForms\LoginCadastroApp.WinForms.csproj", "{B417A89F-152A-4EF1-89CD-CDF9E68672F6}"
EndProject
Global
	GlobalSection(SolutionConfigurationPlatforms) = preSolution
		Debug|Any CPU = Debug|Any CPU
		Release|Any CPU = Release|Any CPU
	EndGlobalSection
	GlobalSection(ProjectConfigurationPlatforms) = postSolution
		{B417A89F-152A-4EF1-89CD-CDF9E68672F6}.Debug|Any CPU.ActiveCfg = Debug|Any CPU
		{B417A89F-152A-4EF1-89CD-CDF9E68672F6}.Debug|Any CPU.Build.0 = Debug|Any CPU
		{B417A89F-152A-4EF1-89CD-CDF9E68672F6}.Release|Any CPU.ActiveCfg = Release|Any CPU
		{B417A89F-152A-4EF1-89CD-CDF9E68672F6}.Release|Any CPU.Build.0 = Release|Any CPU
	EndGlobalSection
	GlobalSection(SolutionProperties) = preSolution
		HideSolutionNode = FALSE
	EndGlobalSection
	GlobalSection(ExtensibilityGlobals) = postSolution
		SolutionGuid = {3002D065-184F-4F9E-8E40-7CC0E49A6D24}
	EndGlobalSection
EndGlobal
